{
  "name": "obs-zoom-to-mouse-remote",
  "version": "1.0.0",
  "lockfileVersion": 3,
  "requires": true,
  "packages": {
    "": {
      "name": "obs-zoom-to-mouse-remote",
      "version": "1.0.0",
      "license": "MIT",
      "dependencies": {
        "commander": "11.1.0",
        "koffi": "2.6.10"
      }
    },
    "node_modules/commander": {
      "version": "11.1.0",
      "resolved": "https://registry.npmjs.org/commander/-/commander-11.1.0.tgz",
      "integrity": "sha512-yPVavfyCcRhmorC7rWlkHn15b4wDVgVmBA7kV4QVBsF7kv/9TKJAbAXVTxvTnwP8HHKjRCJDClKbciiYS7p0DQ==",
      "engines": {
        "node": ">=16"
      }
    },
    "node_modules/koffi": {
      "version": "2.6.10",
      "resolved": "https://registry.npmjs.org/koffi/-/koffi-2.6.10.tgz",
      "integrity": "sha512-wHT3swfhHsbg7lT0MNzswWTqq/3D1ww9MP1qt71AAtT0ML5l1jJhJa9+IxvJGzZ2+q2TvZf5+u3bBzLV4GIZbA==",
      "hasInstallScript": true
    }
  }
}
